{
  "version": 4,
  "terraform_version": "1.10.5",
  "serial": 176,
  "lineage": "e02892ad-d67a-069c-8f9e-8c2b3441c220",
  "outputs": {
    "jenkins_instances_ips": {
      "value": [],
      "type": [
        "tuple",
        []
      ]
    },
    "key_name": {
      "value": "web-instances-key",
      "type": "string"
    },
    "private_key_pem": {
      "value": "./ansible-key.pem",
      "type": "string"
    },
    "public_ips": {
      "value": [
        "63.177.95.10",
        "18.184.120.195",
        "3.127.147.94",
        "54.93.142.84"
      ],
      "type": [
        "tuple",
        [
          "string",
          "string",
          "string",
          "string"
        ]
      ]
    },
    "web_instances_ips": {
      "value": [
        "63.177.95.10",
        "18.184.120.195",
        "3.127.147.94",
        "54.93.142.84"
      ],
      "type": [
        "tuple",
        [
          "string",
          "string",
          "string",
          "string"
        ]
      ]
    }
  },
  "resources": [
    {
      "mode": "data",
      "type": "aws_ami",
      "name": "ubuntu",
      "provider": "provider[\"registry.terraform.io/hashicorp/aws\"]",
      "instances": [
        {
          "schema_version": 0,
          "attributes": {
            "architecture": "x86_64",
            "arn": "arn:aws:ec2:eu-central-1::image/ami-012a41984655c6c83",
            "block_device_mappings": [
              {
                "device_name": "/dev/sda1",
                "ebs": {
                  "delete_on_termination": "true",
                  "encrypted": "false",
                  "iops": "0",
                  "snapshot_id": "snap-059fac2a5e0a85fca",
                  "throughput": "0",
                  "volume_size": "8",
                  "volume_type": "gp2"
                },
                "no_device": "",
                "virtual_name": ""
              },
              {
                "device_name": "/dev/sdb",
                "ebs": {},
                "no_device": "",
                "virtual_name": "ephemeral0"
              },
              {
                "device_name": "/dev/sdc",
                "ebs": {},
                "no_device": "",
                "virtual_name": "ephemeral1"
              }
            ],
            "boot_mode": "uefi-preferred",
            "creation_date": "2025-03-27T06:51:33.000Z",
            "deprecation_time": "2027-03-27T06:51:33.000Z",
            "description": "Canonical, Ubuntu, 22.04, amd64 jammy image",
            "ena_support": true,
            "executable_users": null,
            "filter": [
              {
                "name": "name",
                "values": [
                  "ubuntu/images/hvm-ssd/ubuntu-*-amd64-server*"
                ]
              },
              {
                "name": "owner-alias",
                "values": [
                  "amazon"
                ]
              }
            ],
            "hypervisor": "xen",
            "id": "ami-012a41984655c6c83",
            "image_id": "ami-012a41984655c6c83",
            "image_location": "amazon/ubuntu/images/hvm-ssd/ubuntu-jammy-22.04-amd64-server-20250327",
            "image_owner_alias": "amazon",
            "image_type": "machine",
            "imds_support": "",
            "include_deprecated": false,
            "kernel_id": "",
            "most_recent": true,
            "name": "ubuntu/images/hvm-ssd/ubuntu-jammy-22.04-amd64-server-20250327",
            "name_regex": null,
            "owner_id": "099720109477",
            "owners": [
              "099720109477"
            ],
            "platform": "",
            "platform_details": "Linux/UNIX",
            "product_codes": [],
            "public": true,
            "ramdisk_id": "",
            "root_device_name": "/dev/sda1",
            "root_device_type": "ebs",
            "root_snapshot_id": "snap-059fac2a5e0a85fca",
            "sriov_net_support": "simple",
            "state": "available",
            "state_reason": {
              "code": "UNSET",
              "message": "UNSET"
            },
            "tags": {},
            "timeouts": null,
            "tpm_support": "",
            "uefi_data": null,
            "usage_operation": "RunInstances",
            "virtualization_type": "hvm"
          },
          "sensitive_attributes": []
        }
      ]
    },
    {
      "mode": "managed",
      "type": "aws_instance",
      "name": "web",
      "provider": "provider[\"registry.terraform.io/hashicorp/aws\"]",
      "instances": [
        {
          "index_key": 0,
          "schema_version": 1,
          "attributes": {
            "ami": "ami-012a41984655c6c83",
            "arn": "arn:aws:ec2:eu-central-1:783764590719:instance/i-09d59269f490432a6",
            "associate_public_ip_address": true,
            "availability_zone": "eu-central-1b",
            "capacity_reservation_specification": [
              {
                "capacity_reservation_preference": "open",
                "capacity_reservation_target": []
              }
            ],
            "cpu_core_count": 1,
            "cpu_options": [
              {
                "amd_sev_snp": "",
                "core_count": 1,
                "threads_per_core": 1
              }
            ],
            "cpu_threads_per_core": 1,
            "credit_specification": [
              {
                "cpu_credits": "standard"
              }
            ],
            "disable_api_stop": false,
            "disable_api_termination": false,
            "ebs_block_device": [],
            "ebs_optimized": false,
            "enable_primary_ipv6": null,
            "enclave_options": [
              {
                "enabled": false
              }
            ],
            "ephemeral_block_device": [],
            "get_password_data": false,
            "hibernation": false,
            "host_id": "",
            "host_resource_group_arn": null,
            "iam_instance_profile": "",
            "id": "i-09d59269f490432a6",
            "instance_initiated_shutdown_behavior": "stop",
            "instance_lifecycle": "",
            "instance_market_options": [],
            "instance_state": "running",
            "instance_type": "t2.micro",
            "ipv6_address_count": 0,
            "ipv6_addresses": [],
            "key_name": "web-instances-key",
            "launch_template": [],
            "maintenance_options": [
              {
                "auto_recovery": "default"
              }
            ],
            "metadata_options": [
              {
                "http_endpoint": "enabled",
                "http_protocol_ipv6": "disabled",
                "http_put_response_hop_limit": 1,
                "http_tokens": "optional",
                "instance_metadata_tags": "disabled"
              }
            ],
            "monitoring": false,
            "network_interface": [],
            "outpost_arn": "",
            "password_data": "",
            "placement_group": "",
            "placement_partition_number": 0,
            "primary_network_interface_id": "eni-036d62f070a6740e7",
            "private_dns": "ip-172-31-47-137.eu-central-1.compute.internal",
            "private_dns_name_options": [
              {
                "enable_resource_name_dns_a_record": false,
                "enable_resource_name_dns_aaaa_record": false,
                "hostname_type": "ip-name"
              }
            ],
            "private_ip": "172.31.47.137",
            "public_dns": "ec2-63-177-95-10.eu-central-1.compute.amazonaws.com",
            "public_ip": "63.177.95.10",
            "root_block_device": [
              {
                "delete_on_termination": true,
                "device_name": "/dev/sda1",
                "encrypted": false,
                "iops": 100,
                "kms_key_id": "",
                "tags": {},
                "tags_all": {},
                "throughput": 0,
                "volume_id": "vol-0cccfa53160c081f3",
                "volume_size": 8,
                "volume_type": "gp2"
              }
            ],
            "secondary_private_ips": [],
            "security_groups": [
              "web-sg"
            ],
            "source_dest_check": true,
            "spot_instance_request_id": "",
            "subnet_id": "subnet-0ade84f532420eb13",
            "tags": {
              "Name": "web-instance-0"
            },
            "tags_all": {
              "Name": "web-instance-0"
            },
            "tenancy": "default",
            "timeouts": null,
            "user_data": null,
            "user_data_base64": null,
            "user_data_replace_on_change": false,
            "volume_tags": null,
            "vpc_security_group_ids": [
              "sg-0869a10167b4160c3"
            ]
          },
          "sensitive_attributes": [],
          "private": "eyJlMmJmYjczMC1lY2FhLTExZTYtOGY4OC0zNDM2M2JjN2M0YzAiOnsiY3JlYXRlIjo2MDAwMDAwMDAwMDAsImRlbGV0ZSI6MTIwMDAwMDAwMDAwMCwicmVhZCI6OTAwMDAwMDAwMDAwLCJ1cGRhdGUiOjYwMDAwMDAwMDAwMH0sInNjaGVtYV92ZXJzaW9uIjoiMSJ9",
          "dependencies": [
            "aws_key_pair.generated_key",
            "aws_security_group.web_sg",
            "data.aws_ami.ubuntu",
            "tls_private_key.ssh_key"
          ]
        },
        {
          "index_key": 1,
          "schema_version": 1,
          "attributes": {
            "ami": "ami-012a41984655c6c83",
            "arn": "arn:aws:ec2:eu-central-1:783764590719:instance/i-0cb6fd86bebd6c756",
            "associate_public_ip_address": true,
            "availability_zone": "eu-central-1b",
            "capacity_reservation_specification": [
              {
                "capacity_reservation_preference": "open",
                "capacity_reservation_target": []
              }
            ],
            "cpu_core_count": 1,
            "cpu_options": [
              {
                "amd_sev_snp": "",
                "core_count": 1,
                "threads_per_core": 1
              }
            ],
            "cpu_threads_per_core": 1,
            "credit_specification": [
              {
                "cpu_credits": "standard"
              }
            ],
            "disable_api_stop": false,
            "disable_api_termination": false,
            "ebs_block_device": [],
            "ebs_optimized": false,
            "enable_primary_ipv6": null,
            "enclave_options": [
              {
                "enabled": false
              }
            ],
            "ephemeral_block_device": [],
            "get_password_data": false,
            "hibernation": false,
            "host_id": "",
            "host_resource_group_arn": null,
            "iam_instance_profile": "",
            "id": "i-0cb6fd86bebd6c756",
            "instance_initiated_shutdown_behavior": "stop",
            "instance_lifecycle": "",
            "instance_market_options": [],
            "instance_state": "running",
            "instance_type": "t2.micro",
            "ipv6_address_count": 0,
            "ipv6_addresses": [],
            "key_name": "web-instances-key",
            "launch_template": [],
            "maintenance_options": [
              {
                "auto_recovery": "default"
              }
            ],
            "metadata_options": [
              {
                "http_endpoint": "enabled",
                "http_protocol_ipv6": "disabled",
                "http_put_response_hop_limit": 1,
                "http_tokens": "optional",
                "instance_metadata_tags": "disabled"
              }
            ],
            "monitoring": false,
            "network_interface": [],
            "outpost_arn": "",
            "password_data": "",
            "placement_group": "",
            "placement_partition_number": 0,
            "primary_network_interface_id": "eni-07dec7db537d25386",
            "private_dns": "ip-172-31-43-148.eu-central-1.compute.internal",
            "private_dns_name_options": [
              {
                "enable_resource_name_dns_a_record": false,
                "enable_resource_name_dns_aaaa_record": false,
                "hostname_type": "ip-name"
              }
            ],
            "private_ip": "172.31.43.148",
            "public_dns": "ec2-18-184-120-195.eu-central-1.compute.amazonaws.com",
            "public_ip": "18.184.120.195",
            "root_block_device": [
              {
                "delete_on_termination": true,
                "device_name": "/dev/sda1",
                "encrypted": false,
                "iops": 100,
                "kms_key_id": "",
                "tags": {},
                "tags_all": {},
                "throughput": 0,
                "volume_id": "vol-02b896237059dde58",
                "volume_size": 8,
                "volume_type": "gp2"
              }
            ],
            "secondary_private_ips": [],
            "security_groups": [
              "web-sg"
            ],
            "source_dest_check": true,
            "spot_instance_request_id": "",
            "subnet_id": "subnet-0ade84f532420eb13",
            "tags": {
              "Name": "web-instance-1"
            },
            "tags_all": {
              "Name": "web-instance-1"
            },
            "tenancy": "default",
            "timeouts": null,
            "user_data": null,
            "user_data_base64": null,
            "user_data_replace_on_change": false,
            "volume_tags": null,
            "vpc_security_group_ids": [
              "sg-0869a10167b4160c3"
            ]
          },
          "sensitive_attributes": [],
          "private": "eyJlMmJmYjczMC1lY2FhLTExZTYtOGY4OC0zNDM2M2JjN2M0YzAiOnsiY3JlYXRlIjo2MDAwMDAwMDAwMDAsImRlbGV0ZSI6MTIwMDAwMDAwMDAwMCwicmVhZCI6OTAwMDAwMDAwMDAwLCJ1cGRhdGUiOjYwMDAwMDAwMDAwMH0sInNjaGVtYV92ZXJzaW9uIjoiMSJ9",
          "dependencies": [
            "aws_key_pair.generated_key",
            "aws_security_group.web_sg",
            "data.aws_ami.ubuntu",
            "tls_private_key.ssh_key"
          ]
        },
        {
          "index_key": 2,
          "schema_version": 1,
          "attributes": {
            "ami": "ami-012a41984655c6c83",
            "arn": "arn:aws:ec2:eu-central-1:783764590719:instance/i-0e156553e33a623fa",
            "associate_public_ip_address": true,
            "availability_zone": "eu-central-1b",
            "capacity_reservation_specification": [
              {
                "capacity_reservation_preference": "open",
                "capacity_reservation_target": []
              }
            ],
            "cpu_core_count": 1,
            "cpu_options": [
              {
                "amd_sev_snp": "",
                "core_count": 1,
                "threads_per_core": 1
              }
            ],
            "cpu_threads_per_core": 1,
            "credit_specification": [
              {
                "cpu_credits": "standard"
              }
            ],
            "disable_api_stop": false,
            "disable_api_termination": false,
            "ebs_block_device": [],
            "ebs_optimized": false,
            "enable_primary_ipv6": null,
            "enclave_options": [
              {
                "enabled": false
              }
            ],
            "ephemeral_block_device": [],
            "get_password_data": false,
            "hibernation": false,
            "host_id": "",
            "host_resource_group_arn": null,
            "iam_instance_profile": "",
            "id": "i-0e156553e33a623fa",
            "instance_initiated_shutdown_behavior": "stop",
            "instance_lifecycle": "",
            "instance_market_options": [],
            "instance_state": "running",
            "instance_type": "t2.micro",
            "ipv6_address_count": 0,
            "ipv6_addresses": [],
            "key_name": "web-instances-key",
            "launch_template": [],
            "maintenance_options": [
              {
                "auto_recovery": "default"
              }
            ],
            "metadata_options": [
              {
                "http_endpoint": "enabled",
                "http_protocol_ipv6": "disabled",
                "http_put_response_hop_limit": 1,
                "http_tokens": "optional",
                "instance_metadata_tags": "disabled"
              }
            ],
            "monitoring": false,
            "network_interface": [],
            "outpost_arn": "",
            "password_data": "",
            "placement_group": "",
            "placement_partition_number": 0,
            "primary_network_interface_id": "eni-004e20ca8ab29cd1c",
            "private_dns": "ip-172-31-38-77.eu-central-1.compute.internal",
            "private_dns_name_options": [
              {
                "enable_resource_name_dns_a_record": false,
                "enable_resource_name_dns_aaaa_record": false,
                "hostname_type": "ip-name"
              }
            ],
            "private_ip": "172.31.38.77",
            "public_dns": "ec2-3-127-147-94.eu-central-1.compute.amazonaws.com",
            "public_ip": "3.127.147.94",
            "root_block_device": [
              {
                "delete_on_termination": true,
                "device_name": "/dev/sda1",
                "encrypted": false,
                "iops": 100,
                "kms_key_id": "",
                "tags": {},
                "tags_all": {},
                "throughput": 0,
                "volume_id": "vol-0bc5fcab6e766fc38",
                "volume_size": 8,
                "volume_type": "gp2"
              }
            ],
            "secondary_private_ips": [],
            "security_groups": [
              "web-sg"
            ],
            "source_dest_check": true,
            "spot_instance_request_id": "",
            "subnet_id": "subnet-0ade84f532420eb13",
            "tags": {
              "Name": "web-instance-2"
            },
            "tags_all": {
              "Name": "web-instance-2"
            },
            "tenancy": "default",
            "timeouts": null,
            "user_data": null,
            "user_data_base64": null,
            "user_data_replace_on_change": false,
            "volume_tags": null,
            "vpc_security_group_ids": [
              "sg-0869a10167b4160c3"
            ]
          },
          "sensitive_attributes": [],
          "private": "eyJlMmJmYjczMC1lY2FhLTExZTYtOGY4OC0zNDM2M2JjN2M0YzAiOnsiY3JlYXRlIjo2MDAwMDAwMDAwMDAsImRlbGV0ZSI6MTIwMDAwMDAwMDAwMCwicmVhZCI6OTAwMDAwMDAwMDAwLCJ1cGRhdGUiOjYwMDAwMDAwMDAwMH0sInNjaGVtYV92ZXJzaW9uIjoiMSJ9",
          "dependencies": [
            "aws_key_pair.generated_key",
            "aws_security_group.web_sg",
            "data.aws_ami.ubuntu",
            "tls_private_key.ssh_key"
          ]
        },
        {
          "index_key": 3,
          "schema_version": 1,
          "attributes": {
            "ami": "ami-012a41984655c6c83",
            "arn": "arn:aws:ec2:eu-central-1:783764590719:instance/i-0ae659ec924010d9c",
            "associate_public_ip_address": true,
            "availability_zone": "eu-central-1b",
            "capacity_reservation_specification": [
              {
                "capacity_reservation_preference": "open",
                "capacity_reservation_target": []
              }
            ],
            "cpu_core_count": 1,
            "cpu_options": [
              {
                "amd_sev_snp": "",
                "core_count": 1,
                "threads_per_core": 1
              }
            ],
            "cpu_threads_per_core": 1,
            "credit_specification": [
              {
                "cpu_credits": "standard"
              }
            ],
            "disable_api_stop": false,
            "disable_api_termination": false,
            "ebs_block_device": [],
            "ebs_optimized": false,
            "enable_primary_ipv6": null,
            "enclave_options": [
              {
                "enabled": false
              }
            ],
            "ephemeral_block_device": [],
            "get_password_data": false,
            "hibernation": false,
            "host_id": "",
            "host_resource_group_arn": null,
            "iam_instance_profile": "",
            "id": "i-0ae659ec924010d9c",
            "instance_initiated_shutdown_behavior": "stop",
            "instance_lifecycle": "",
            "instance_market_options": [],
            "instance_state": "running",
            "instance_type": "t2.micro",
            "ipv6_address_count": 0,
            "ipv6_addresses": [],
            "key_name": "web-instances-key",
            "launch_template": [],
            "maintenance_options": [
              {
                "auto_recovery": "default"
              }
            ],
            "metadata_options": [
              {
                "http_endpoint": "enabled",
                "http_protocol_ipv6": "disabled",
                "http_put_response_hop_limit": 1,
                "http_tokens": "optional",
                "instance_metadata_tags": "disabled"
              }
            ],
            "monitoring": false,
            "network_interface": [],
            "outpost_arn": "",
            "password_data": "",
            "placement_group": "",
            "placement_partition_number": 0,
            "primary_network_interface_id": "eni-0ed4077c95bb8c9ed",
            "private_dns": "ip-172-31-37-76.eu-central-1.compute.internal",
            "private_dns_name_options": [
              {
                "enable_resource_name_dns_a_record": false,
                "enable_resource_name_dns_aaaa_record": false,
                "hostname_type": "ip-name"
              }
            ],
            "private_ip": "172.31.37.76",
            "public_dns": "ec2-54-93-142-84.eu-central-1.compute.amazonaws.com",
            "public_ip": "54.93.142.84",
            "root_block_device": [
              {
                "delete_on_termination": true,
                "device_name": "/dev/sda1",
                "encrypted": false,
                "iops": 100,
                "kms_key_id": "",
                "tags": {},
                "tags_all": {},
                "throughput": 0,
                "volume_id": "vol-04deb6610d4708829",
                "volume_size": 8,
                "volume_type": "gp2"
              }
            ],
            "secondary_private_ips": [],
            "security_groups": [
              "web-sg"
            ],
            "source_dest_check": true,
            "spot_instance_request_id": "",
            "subnet_id": "subnet-0ade84f532420eb13",
            "tags": {
              "Name": "web-instance-3"
            },
            "tags_all": {
              "Name": "web-instance-3"
            },
            "tenancy": "default",
            "timeouts": null,
            "user_data": null,
            "user_data_base64": null,
            "user_data_replace_on_change": false,
            "volume_tags": null,
            "vpc_security_group_ids": [
              "sg-0869a10167b4160c3"
            ]
          },
          "sensitive_attributes": [],
          "private": "eyJlMmJmYjczMC1lY2FhLTExZTYtOGY4OC0zNDM2M2JjN2M0YzAiOnsiY3JlYXRlIjo2MDAwMDAwMDAwMDAsImRlbGV0ZSI6MTIwMDAwMDAwMDAwMCwicmVhZCI6OTAwMDAwMDAwMDAwLCJ1cGRhdGUiOjYwMDAwMDAwMDAwMH0sInNjaGVtYV92ZXJzaW9uIjoiMSJ9",
          "dependencies": [
            "aws_key_pair.generated_key",
            "aws_security_group.web_sg",
            "data.aws_ami.ubuntu",
            "tls_private_key.ssh_key"
          ]
        }
      ]
    },
    {
      "mode": "managed",
      "type": "aws_key_pair",
      "name": "generated_key",
      "provider": "provider[\"registry.terraform.io/hashicorp/aws\"]",
      "instances": [
        {
          "schema_version": 1,
          "attributes": {
            "arn": "arn:aws:ec2:eu-central-1:783764590719:key-pair/web-instances-key",
            "fingerprint": "9e:03:97:7f:35:e6:b5:8c:ea:da:0c:2a:ae:9c:34:ff",
            "id": "web-instances-key",
            "key_name": "web-instances-key",
            "key_name_prefix": "",
            "key_pair_id": "key-08e4addafa416393b",
            "key_type": "rsa",
            "public_key": "ssh-rsa AAAAB3NzaC1yc2EAAAADAQABAAACAQChaV0ZChqsx796ZaprMiRxMglrje1eqXWr1YCtn7nwCRkZmNlibBRkgj1/xZNi6uX7U5K9c2GNZzjIxTXEDddguCfLE6mmGI9q/0OLNnIxhWmohbi9p6VZkP7gxRqyHf/hbLfCd4x57O8Zn2szTUjyVy8aObktn0000ynBiJd2cvmVYVer4kfemthisNv+EYGJqu7Q0CnTXgL6BOX9ABGzRu2bq2wBQy5mmUPtFCWLxJ1TanJPbQ6We0978w/KzlOOEkWDG4u53VQtzPgNsKD2DZvaqwDLcyhd11Eh5dqbDXLdx6tcXucnMI/q4Bro0uaS4NDpaxMLR2Q3nsK7Iobvqoe7/f901u85TiNHviaLqVVk6yTcYzKcGo+aAHRwt1tB+gTvkEsa87ZdnEQuGzKG4MD9N/WXGD8x+SOW2AA5g4oa2XdWzopgVmZ42eyDhzeuhP+T48V1pyLPfPnEhTagywekvAOchHTk24qUyCPrggMDEyxIITAzbRnO66dd2BqBcw5ecPcjoON/F+Ep2DuCzbjtKs09+Gzth+AxgHqT1lFSLOckY7sCis4rpPX2xBRNlaG05dnQ/Tdn7bHjHgJzLS+hz//kzGlPSUsDPCrPTZtTBTtDMfvPDdnKTJJNmrhuVHeQCLN003r+GglkrWj97gQlmAfp4oKiuNyOdy/SNQ==",
            "tags": null,
            "tags_all": {}
          },
          "sensitive_attributes": [],
          "private": "eyJzY2hlbWFfdmVyc2lvbiI6IjEifQ==",
          "dependencies": [
            "tls_private_key.ssh_key"
          ]
        }
      ]
    },
    {
      "mode": "managed",
      "type": "aws_security_group",
      "name": "jenkins_sg",
      "provider": "provider[\"registry.terraform.io/hashicorp/aws\"]",
      "instances": [
        {
          "schema_version": 1,
          "attributes": {
            "arn": "arn:aws:ec2:eu-central-1:783764590719:security-group/sg-023ea3777f6e48e7e",
            "description": "Allow SSH and 8080 access",
            "egress": [
              {
                "cidr_blocks": [
                  "0.0.0.0/0"
                ],
                "description": "",
                "from_port": 0,
                "ipv6_cidr_blocks": [],
                "prefix_list_ids": [],
                "protocol": "-1",
                "security_groups": [],
                "self": false,
                "to_port": 0
              }
            ],
            "id": "sg-023ea3777f6e48e7e",
            "ingress": [
              {
                "cidr_blocks": [
                  "0.0.0.0/0"
                ],
                "description": "",
                "from_port": 22,
                "ipv6_cidr_blocks": [],
                "prefix_list_ids": [],
                "protocol": "tcp",
                "security_groups": [],
                "self": false,
                "to_port": 22
              },
              {
                "cidr_blocks": [
                  "0.0.0.0/0"
                ],
                "description": "",
                "from_port": 8080,
                "ipv6_cidr_blocks": [],
                "prefix_list_ids": [],
                "protocol": "tcp",
                "security_groups": [],
                "self": false,
                "to_port": 8080
              }
            ],
            "name": "jenkins-sg",
            "name_prefix": "",
            "owner_id": "783764590719",
            "revoke_rules_on_delete": false,
            "tags": null,
            "tags_all": {},
            "timeouts": null,
            "vpc_id": "vpc-05e2c0fef94251c5e"
          },
          "sensitive_attributes": [],
          "private": "eyJlMmJmYjczMC1lY2FhLTExZTYtOGY4OC0zNDM2M2JjN2M0YzAiOnsiY3JlYXRlIjo2MDAwMDAwMDAwMDAsImRlbGV0ZSI6OTAwMDAwMDAwMDAwfSwic2NoZW1hX3ZlcnNpb24iOiIxIn0="
        }
      ]
    },
    {
      "mode": "managed",
      "type": "aws_security_group",
      "name": "web_sg",
      "provider": "provider[\"registry.terraform.io/hashicorp/aws\"]",
      "instances": [
        {
          "schema_version": 1,
          "attributes": {
            "arn": "arn:aws:ec2:eu-central-1:783764590719:security-group/sg-0869a10167b4160c3",
            "description": "Allow SSH and HTTP access",
            "egress": [
              {
                "cidr_blocks": [
                  "0.0.0.0/0"
                ],
                "description": "",
                "from_port": 0,
                "ipv6_cidr_blocks": [],
                "prefix_list_ids": [],
                "protocol": "-1",
                "security_groups": [],
                "self": false,
                "to_port": 0
              }
            ],
            "id": "sg-0869a10167b4160c3",
            "ingress": [
              {
                "cidr_blocks": [
                  "0.0.0.0/0"
                ],
                "description": "",
                "from_port": 22,
                "ipv6_cidr_blocks": [],
                "prefix_list_ids": [],
                "protocol": "tcp",
                "security_groups": [],
                "self": false,
                "to_port": 22
              },
              {
                "cidr_blocks": [
                  "0.0.0.0/0"
                ],
                "description": "",
                "from_port": 80,
                "ipv6_cidr_blocks": [],
                "prefix_list_ids": [],
                "protocol": "tcp",
                "security_groups": [],
                "self": false,
                "to_port": 80
              }
            ],
            "name": "web-sg",
            "name_prefix": "",
            "owner_id": "783764590719",
            "revoke_rules_on_delete": false,
            "tags": null,
            "tags_all": {},
            "timeouts": null,
            "vpc_id": "vpc-05e2c0fef94251c5e"
          },
          "sensitive_attributes": [],
          "private": "eyJlMmJmYjczMC1lY2FhLTExZTYtOGY4OC0zNDM2M2JjN2M0YzAiOnsiY3JlYXRlIjo2MDAwMDAwMDAwMDAsImRlbGV0ZSI6OTAwMDAwMDAwMDAwfSwic2NoZW1hX3ZlcnNpb24iOiIxIn0="
        }
      ]
    },
    {
      "mode": "managed",
      "type": "local_file",
      "name": "private_key",
      "provider": "provider[\"registry.terraform.io/hashicorp/local\"]",
      "instances": [
        {
          "schema_version": 0,
          "attributes": {
            "content": "-----BEGIN RSA PRIVATE KEY-----\nMIIJJwIBAAKCAgEAoWldGQoarMe/emWqazIkcTIJa43tXql1q9WArZ+58AkZGZjZ\nYmwUZII9f8WTYurl+1OSvXNhjWc4yMU1xA3XYLgnyxOpphiPav9DizZyMYVpqIW4\nvaelWZD+4MUash3/4Wy3wneMeezvGZ9rM01I8lcvGjm5LZ9NNNMpwYiXdnL5lWFX\nq+JH3prYYrDb/hGBiaru0NAp014C+gTl/QARs0btm6tsAUMuZplD7RQli8SdU2py\nT20OlntPe/MPys5TjhJFgxuLud1ULcz4DbCg9g2b2qsAy3MoXddRIeXamw1y3cer\nXF7nJzCP6uAa6NLmkuDQ6WsTC0dkN57CuyKG76qHu/3/dNbvOU4jR74mi6lVZOsk\n3GMynBqPmgB0cLdbQfoE75BLGvO2XZxELhsyhuDA/Tf1lxg/MfkjltgAOYOKGtl3\nVs6KYFZmeNnsg4c3roT/k+PFdaciz3z5xIU2oMsHpLwDnIR05NuKlMgj64IDAxMs\nSCEwM20ZzuunXdgagXMOXnD3I6DjfxfhKdg7gs247SrNPfhs7YfgMYB6k9ZRUizn\nJGO7AorOK6T19sQUTZWhtOXZ0P03Z+2x4x4Ccy0voc//5MxpT0lLAzwqz02bUwU7\nQzH7zw3ZykySTZq4blR3kAizdNN6/hoJZK1o/e4EJZgH6eKCorjcjncv0jUCAwEA\nAQKCAgBmxlDp/Z4If9My2wMM6Et9689FtYP7r0jmlbYuVzKsXQ6nVsSrv4eoi6ke\n7y2uYUT4pzka+hmWULA+Xhui7vFBe2CTFL0DrkW7ajeWr588Wudwz1xXHiTRh9pS\nQg6CdUmVPoUvBLHkfHGtze0TKFWXQN4UA8cd/n3Jcd73hMJ0QDcc33NUVWtPmSbI\niDY7aughQT54pOLM2+JnUbEjS+T5UuM+KINHtoAYAeTXUumpOhK2p2OLoTQVqwRs\nNtLKXl+jaYzrMyHfwca0tvsGtH14zid7r0B9SqDcR5o4TEPKUGDgSB+bXC4wrOIm\nOnXH42m/AfjjdzMUDmwIYkU5pH1noD60aRNv1oILW9MyDuChOvS5LGi3FWc+FhEH\neiC9j8wozRQKUOOg3bFYUqy3PjTFh20OWjSGeWo4DmlsIJOS67GNiGhI1mKN61a/\nvwWml079S1BfFZti5aNgHUK35XxehXyzH6X0RYc6AssRFvhPATQUusvkl4gMK1R7\nF3Phgap81godVJUelEYlIC9IoylZOSaJVdDDNLT+elSbEUDVCwL7rAhjCrwD4brU\nOfD9++3fV+88ZQtlNxSd7O980wTcF1MXMW4LGQutj2iyVFnOEVBixg29dUs2Yp6Y\nSLK8DVTTZkXqxeKdbWMRdE+zjuEH+QqRoPcRVnzGWScQpx7vzQKCAQEAyynApJLx\nUEvIHnSkSziOHLmKRUCOP+oPaKm+l4JTovUMMielTQHwnqMZxtwHLdy6e6yuCc7m\nKNgbtrdC9opXZq6Rv8aEHexxktQMZAABHFSrmvK5IvhOpmU0+3V+rWOTWZgwwUL6\nFm8KNNPrOfypv5LrKMlMg8tnFfoSxZ15DDovqCTqBoL5Z7P4tK/hPqeQrQppFSeT\nb7ItdSWTEL6wGyjJ86SRQcjavosP+2K5v0oXytedfL+x9X5uJQ3pKysRl9zhT87E\nxUXqBGLB5mJttahhHpfkmsQmoWQClCpUEeQKvhYtcK5ejywOVKt4sLiK3ROPAuTP\nQrYBmh/H0MsspwKCAQEAy2PeA5FnKjyJldLVqwv6DhDskroxWj5G4ock9AboCnTY\nFpfzsEu5nxQM1bad795l4wrDzsrORbJtAhQFDFnRzHB81ktv+464+wn3X3GFWagY\nURlP16zcl+6Bdz9+jukSAh+wwt0gBmim8NDI/Wl7gOMC5f8WUS1Ky4vwOKuW6VXw\nepU3GaMSH5Yzdgewyn9ALY3VMN3isg1sCU+/cuTcu3JOKFC4nytocSyQFyj+9yjA\nkCF+A4RNFmXpAfx/R5utKcXG1bdL7Aek4W+Hlz2PVYSznhWoeN7XBMgdv0VZ8VyT\n3JqRSYQsjfwJqFeStaaJWO9LuOFl8CJXCVF18fuZwwKCAQABgOSZEzFP+8+WUhyp\nJdj/Y2wfiRPEa1ID30W2z1MZIKEfeeWiRUJnmiNlslknQLvskGGVVv+jC75gwshv\nFKUC8IXJmol9wzMv9/vDfbCEaif+9I7kMFw8pQEYX005sUP05MhvlbROGDJGI89Y\n1YLYFRlCawLy8r1njzs2VS0BJykVIHjO5Yc8+jr781VCZnEOpsYSTwGrUPE/LbEB\n7bdV7B5afDxK9VaRFGxg2uEvBjhY2vGia7TAcVgVVB4GoMH3kr3kHk6ceyD5OVXg\nA5h2QLG/TTZ24r66cQgH2qxWmY5uy7E4ZUHz40qT29T/0c3NRwjG57SU9M3cOyH6\nbJZ/AoIBACqB/8edHwObzWGLw+5QvX0tGlR8J45lz6jOd/Gsc9ijnPnz3hFtcikG\nJryPwyh7wa2W9V+F0WCNruytRHTVXNyucdjTwV7A8HY/Gf1Pm4AmepaQhLhdv2jd\nhx9mHMw/d+0LtIS1dFkCjEluSWN1JUPFrjhlfMOQhL5Py+/8JLk1peHox7BK/aGu\nYaj8aH2Z5M7ggrsI1LVDyt2TVj7sCBoBBMa2QC+8AcMNfjvo7Ii5cq1s4opXn0jc\nGbu5itxrc+B0Hl9SRMLawiH/jkYUrp0/885JVoGUiTnNnTH5i5e/MoP7pfvIbQtr\nrpUJYHcojDITKS9FpGlws+IVrWHapMMCggEAFUHiYc+LXprDsJXX6nxRzze3JMrK\nbWIpEr+LIzNwLD6YfWuG+YyyBDZfEE/U/m0aIIjzstPRP7QH1DRHuqPAy8hXr/3V\niwC6O/x56pfaG0o979T2l1VlopqHiJo1+APqaDeku6yRQq0yNiP1ahAvVSGGH78d\nqsgrqHjvCFwS4y7mztbGvtRTx6iKppVkBzDdvEA2bZTi7VNCz4+MhWAZihGTuUie\nHhWRv7VlLQiRWsXZwL7u32afVXKbV0EPPK525OeABbj2IWF6Hu+TgRgRk0gVh0qN\ngdAOLCFhRAnDX83kXtCWQtmoKkoAdN1qVDAHjPjK2TT577TA6Vr2Bxp6kQ==\n-----END RSA PRIVATE KEY-----\n",
            "content_base64": null,
            "content_base64sha256": "khDHMgZaGZI/yh6aGGKzZUmlLPKfu0eHEGW/tInY3uk=",
            "content_base64sha512": "zHYX/RYMas/GpimhcOrzoz1ENjbNXvw6LaXJ/9XiLSymFMKvI0Sn06hdjkuk/QJwrxM4RV1WfOP2tW+SEtNWfw==",
            "content_md5": "8c2335dd70dbb5af547dedb8c08060cc",
            "content_sha1": "1569a9ace287c4f1f44e976209cd7def105fdf8d",
            "content_sha256": "9210c732065a19923fca1e9a1862b36549a52cf29fbb47871065bfb489d8dee9",
            "content_sha512": "cc7617fd160c6acfc6a629a170eaf3a33d443636cd5efc3a2da5c9ffd5e22d2ca614c2af2344a7d3a85d8e4ba4fd0270af1338455d567ce3f6b56f9212d3567f",
            "directory_permission": "0777",
            "file_permission": "0600",
            "filename": "./ansible-key.pem",
            "id": "1569a9ace287c4f1f44e976209cd7def105fdf8d",
            "sensitive_content": null,
            "source": null
          },
          "sensitive_attributes": [
            [
              {
                "type": "get_attr",
                "value": "sensitive_content"
              }
            ],
            [
              {
                "type": "get_attr",
                "value": "content"
              }
            ]
          ],
          "dependencies": [
            "tls_private_key.ssh_key"
          ]
        }
      ]
    },
    {
      "mode": "managed",
      "type": "tls_private_key",
      "name": "ssh_key",
      "provider": "provider[\"registry.terraform.io/hashicorp/tls\"]",
      "instances": [
        {
          "schema_version": 1,
          "attributes": {
            "algorithm": "RSA",
            "ecdsa_curve": "P224",
            "id": "f53b3685b557df0186bf28e3ee5149eb098c44f9",
            "private_key_openssh": "-----BEGIN OPENSSH PRIVATE KEY-----\nb3BlbnNzaC1rZXktdjEAAAAABG5vbmUAAAAEbm9uZQAAAAAAAAABAAACFwAAAAdz\nc2gtcnNhAAAAAwEAAQAAAgEAoWldGQoarMe/emWqazIkcTIJa43tXql1q9WArZ+5\n8AkZGZjZYmwUZII9f8WTYurl+1OSvXNhjWc4yMU1xA3XYLgnyxOpphiPav9DizZy\nMYVpqIW4vaelWZD+4MUash3/4Wy3wneMeezvGZ9rM01I8lcvGjm5LZ9NNNMpwYiX\ndnL5lWFXq+JH3prYYrDb/hGBiaru0NAp014C+gTl/QARs0btm6tsAUMuZplD7RQl\ni8SdU2pyT20OlntPe/MPys5TjhJFgxuLud1ULcz4DbCg9g2b2qsAy3MoXddRIeXa\nmw1y3cerXF7nJzCP6uAa6NLmkuDQ6WsTC0dkN57CuyKG76qHu/3/dNbvOU4jR74m\ni6lVZOsk3GMynBqPmgB0cLdbQfoE75BLGvO2XZxELhsyhuDA/Tf1lxg/MfkjltgA\nOYOKGtl3Vs6KYFZmeNnsg4c3roT/k+PFdaciz3z5xIU2oMsHpLwDnIR05NuKlMgj\n64IDAxMsSCEwM20ZzuunXdgagXMOXnD3I6DjfxfhKdg7gs247SrNPfhs7YfgMYB6\nk9ZRUiznJGO7AorOK6T19sQUTZWhtOXZ0P03Z+2x4x4Ccy0voc//5MxpT0lLAzwq\nz02bUwU7QzH7zw3ZykySTZq4blR3kAizdNN6/hoJZK1o/e4EJZgH6eKCorjcjncv\n0jUAAAc4BjT7vgY0+74AAAAHc3NoLXJzYQAAAgEAoWldGQoarMe/emWqazIkcTIJ\na43tXql1q9WArZ+58AkZGZjZYmwUZII9f8WTYurl+1OSvXNhjWc4yMU1xA3XYLgn\nyxOpphiPav9DizZyMYVpqIW4vaelWZD+4MUash3/4Wy3wneMeezvGZ9rM01I8lcv\nGjm5LZ9NNNMpwYiXdnL5lWFXq+JH3prYYrDb/hGBiaru0NAp014C+gTl/QARs0bt\nm6tsAUMuZplD7RQli8SdU2pyT20OlntPe/MPys5TjhJFgxuLud1ULcz4DbCg9g2b\n2qsAy3MoXddRIeXamw1y3cerXF7nJzCP6uAa6NLmkuDQ6WsTC0dkN57CuyKG76qH\nu/3/dNbvOU4jR74mi6lVZOsk3GMynBqPmgB0cLdbQfoE75BLGvO2XZxELhsyhuDA\n/Tf1lxg/MfkjltgAOYOKGtl3Vs6KYFZmeNnsg4c3roT/k+PFdaciz3z5xIU2oMsH\npLwDnIR05NuKlMgj64IDAxMsSCEwM20ZzuunXdgagXMOXnD3I6DjfxfhKdg7gs24\n7SrNPfhs7YfgMYB6k9ZRUiznJGO7AorOK6T19sQUTZWhtOXZ0P03Z+2x4x4Ccy0v\noc//5MxpT0lLAzwqz02bUwU7QzH7zw3ZykySTZq4blR3kAizdNN6/hoJZK1o/e4E\nJZgH6eKCorjcjncv0jUAAAADAQABAAACAGbGUOn9ngh/0zLbAwzoS33rz0W1g/uv\nSOaVti5XMqxdDqdWxKu/h6iLqR7vLa5hRPinORr6GZZQsD5eG6Lu8UF7YJMUvQOu\nRbtqN5avnzxa53DPXFceJNGH2lJCDoJ1SZU+hS8EseR8ca3N7RMoVZdA3hQDxx3+\nfclx3veEwnRANxzfc1RVa0+ZJsiINjtq6CFBPnik4szb4mdRsSNL5PlS4z4og0e2\ngBgB5NdS6ak6EranY4uhNBWrBGw20speX6NpjOszId/BxrS2+wa0fXjOJ3uvQH1K\noNxHmjhMQ8pQYOBIH5tcLjCs4iY6dcfjab8B+ON3MxQObAhiRTmkfWegPrRpE2/W\nggtb0zIO4KE69LksaLcVZz4WEQd6IL2PzCjNFApQ46DdsVhSrLc+NMWHbQ5aNIZ5\najgOaWwgk5LrsY2IaEjWYo3rVr+/BaaXTv1LUF8Vm2Llo2AdQrflfF6FfLMfpfRF\nhzoCyxEW+E8BNBS6y+SXiAwrVHsXc+GBqnzWCh1UlR6URiUgL0ijKVk5JolV0MM0\ntP56VJsRQNULAvusCGMKvAPhutQ58P377d9X7zxlC2U3FJ3s73zTBNwXUxcxbgsZ\nC62PaLJUWc4RUGLGDb11SzZinphIsrwNVNNmRerF4p1tYxF0T7OO4Qf5CpGg9xFW\nfMZZJxCnHu/NAAABABVB4mHPi16aw7CV1+p8Uc83tyTKym1iKRK/iyMzcCw+mH1r\nhvmMsgQ2XxBP1P5tGiCI87LT0T+0B9Q0R7qjwMvIV6/91YsAujv8eeqX2htKPe/U\n9pdVZaKah4iaNfgD6mg3pLuskUKtMjYj9WoQL1Uhhh+/HarIK6h47whcEuMu5s7W\nxr7UU8eoiqaVZAcw3bxANm2U4u1TQs+PjIVgGYoRk7lInh4Vkb+1ZS0IkVrF2cC+\n7t9mn1Vym1dBDzyuduTngAW49iFheh7vk4EYEZNIFYdKjYHQDiwhYUQJw1/N5F7Q\nlkLZqCpKAHTdalQwB4z4ytk0+e+0wOla9gcaepEAAAEBAMspwKSS8VBLyB50pEs4\njhy5ikVAjj/qD2ipvpeCU6L1DDInpU0B8J6jGcbcBy3cunusrgnO5ijYG7a3QvaK\nV2aukb/GhB3scZLUDGQAARxUq5ryuSL4TqZlNPt1fq1jk1mYMMFC+hZvCjTT6zn8\nqb+S6yjJTIPLZxX6EsWdeQw6L6gk6gaC+Wez+LSv4T6nkK0KaRUnk2+yLXUlkxC+\nsBsoyfOkkUHI2r6LD/tiub9KF8rXnXy/sfV+biUN6SsrEZfc4U/OxMVF6gRiweZi\nbbWoYR6X5JrEJqFkApQqVBHkCr4WLXCuXo8sDlSreLC4it0TjwLkz0K2AZofx9DL\nLKcAAAEBAMtj3gORZyo8iZXS1asL+g4Q7JK6MVo+RuKHJPQG6Ap02BaX87BLuZ8U\nDNW2ne/eZeMKw87KzkWybQIUBQxZ0cxwfNZLb/uOuPsJ919xhVmoGFEZT9es3Jfu\ngXc/fo7pEgIfsMLdIAZopvDQyP1pe4DjAuX/FlEtSsuL8DirlulV8HqVNxmjEh+W\nM3YHsMp/QC2N1TDd4rINbAlPv3Lk3LtyTihQuJ8raHEskBco/vcowJAhfgOETRZl\n6QH8f0ebrSnFxtW3S+wHpOFvh5c9j1WEs54VqHje1wTIHb9FWfFck9yakUmELI38\nCahXkrWmiVjvS7jhZfAiVwlRdfH7mcMAAAAAAQID\n-----END OPENSSH PRIVATE KEY-----\n",
            "private_key_pem": "-----BEGIN RSA PRIVATE KEY-----\nMIIJJwIBAAKCAgEAoWldGQoarMe/emWqazIkcTIJa43tXql1q9WArZ+58AkZGZjZ\nYmwUZII9f8WTYurl+1OSvXNhjWc4yMU1xA3XYLgnyxOpphiPav9DizZyMYVpqIW4\nvaelWZD+4MUash3/4Wy3wneMeezvGZ9rM01I8lcvGjm5LZ9NNNMpwYiXdnL5lWFX\nq+JH3prYYrDb/hGBiaru0NAp014C+gTl/QARs0btm6tsAUMuZplD7RQli8SdU2py\nT20OlntPe/MPys5TjhJFgxuLud1ULcz4DbCg9g2b2qsAy3MoXddRIeXamw1y3cer\nXF7nJzCP6uAa6NLmkuDQ6WsTC0dkN57CuyKG76qHu/3/dNbvOU4jR74mi6lVZOsk\n3GMynBqPmgB0cLdbQfoE75BLGvO2XZxELhsyhuDA/Tf1lxg/MfkjltgAOYOKGtl3\nVs6KYFZmeNnsg4c3roT/k+PFdaciz3z5xIU2oMsHpLwDnIR05NuKlMgj64IDAxMs\nSCEwM20ZzuunXdgagXMOXnD3I6DjfxfhKdg7gs247SrNPfhs7YfgMYB6k9ZRUizn\nJGO7AorOK6T19sQUTZWhtOXZ0P03Z+2x4x4Ccy0voc//5MxpT0lLAzwqz02bUwU7\nQzH7zw3ZykySTZq4blR3kAizdNN6/hoJZK1o/e4EJZgH6eKCorjcjncv0jUCAwEA\nAQKCAgBmxlDp/Z4If9My2wMM6Et9689FtYP7r0jmlbYuVzKsXQ6nVsSrv4eoi6ke\n7y2uYUT4pzka+hmWULA+Xhui7vFBe2CTFL0DrkW7ajeWr588Wudwz1xXHiTRh9pS\nQg6CdUmVPoUvBLHkfHGtze0TKFWXQN4UA8cd/n3Jcd73hMJ0QDcc33NUVWtPmSbI\niDY7aughQT54pOLM2+JnUbEjS+T5UuM+KINHtoAYAeTXUumpOhK2p2OLoTQVqwRs\nNtLKXl+jaYzrMyHfwca0tvsGtH14zid7r0B9SqDcR5o4TEPKUGDgSB+bXC4wrOIm\nOnXH42m/AfjjdzMUDmwIYkU5pH1noD60aRNv1oILW9MyDuChOvS5LGi3FWc+FhEH\neiC9j8wozRQKUOOg3bFYUqy3PjTFh20OWjSGeWo4DmlsIJOS67GNiGhI1mKN61a/\nvwWml079S1BfFZti5aNgHUK35XxehXyzH6X0RYc6AssRFvhPATQUusvkl4gMK1R7\nF3Phgap81godVJUelEYlIC9IoylZOSaJVdDDNLT+elSbEUDVCwL7rAhjCrwD4brU\nOfD9++3fV+88ZQtlNxSd7O980wTcF1MXMW4LGQutj2iyVFnOEVBixg29dUs2Yp6Y\nSLK8DVTTZkXqxeKdbWMRdE+zjuEH+QqRoPcRVnzGWScQpx7vzQKCAQEAyynApJLx\nUEvIHnSkSziOHLmKRUCOP+oPaKm+l4JTovUMMielTQHwnqMZxtwHLdy6e6yuCc7m\nKNgbtrdC9opXZq6Rv8aEHexxktQMZAABHFSrmvK5IvhOpmU0+3V+rWOTWZgwwUL6\nFm8KNNPrOfypv5LrKMlMg8tnFfoSxZ15DDovqCTqBoL5Z7P4tK/hPqeQrQppFSeT\nb7ItdSWTEL6wGyjJ86SRQcjavosP+2K5v0oXytedfL+x9X5uJQ3pKysRl9zhT87E\nxUXqBGLB5mJttahhHpfkmsQmoWQClCpUEeQKvhYtcK5ejywOVKt4sLiK3ROPAuTP\nQrYBmh/H0MsspwKCAQEAy2PeA5FnKjyJldLVqwv6DhDskroxWj5G4ock9AboCnTY\nFpfzsEu5nxQM1bad795l4wrDzsrORbJtAhQFDFnRzHB81ktv+464+wn3X3GFWagY\nURlP16zcl+6Bdz9+jukSAh+wwt0gBmim8NDI/Wl7gOMC5f8WUS1Ky4vwOKuW6VXw\nepU3GaMSH5Yzdgewyn9ALY3VMN3isg1sCU+/cuTcu3JOKFC4nytocSyQFyj+9yjA\nkCF+A4RNFmXpAfx/R5utKcXG1bdL7Aek4W+Hlz2PVYSznhWoeN7XBMgdv0VZ8VyT\n3JqRSYQsjfwJqFeStaaJWO9LuOFl8CJXCVF18fuZwwKCAQABgOSZEzFP+8+WUhyp\nJdj/Y2wfiRPEa1ID30W2z1MZIKEfeeWiRUJnmiNlslknQLvskGGVVv+jC75gwshv\nFKUC8IXJmol9wzMv9/vDfbCEaif+9I7kMFw8pQEYX005sUP05MhvlbROGDJGI89Y\n1YLYFRlCawLy8r1njzs2VS0BJykVIHjO5Yc8+jr781VCZnEOpsYSTwGrUPE/LbEB\n7bdV7B5afDxK9VaRFGxg2uEvBjhY2vGia7TAcVgVVB4GoMH3kr3kHk6ceyD5OVXg\nA5h2QLG/TTZ24r66cQgH2qxWmY5uy7E4ZUHz40qT29T/0c3NRwjG57SU9M3cOyH6\nbJZ/AoIBACqB/8edHwObzWGLw+5QvX0tGlR8J45lz6jOd/Gsc9ijnPnz3hFtcikG\nJryPwyh7wa2W9V+F0WCNruytRHTVXNyucdjTwV7A8HY/Gf1Pm4AmepaQhLhdv2jd\nhx9mHMw/d+0LtIS1dFkCjEluSWN1JUPFrjhlfMOQhL5Py+/8JLk1peHox7BK/aGu\nYaj8aH2Z5M7ggrsI1LVDyt2TVj7sCBoBBMa2QC+8AcMNfjvo7Ii5cq1s4opXn0jc\nGbu5itxrc+B0Hl9SRMLawiH/jkYUrp0/885JVoGUiTnNnTH5i5e/MoP7pfvIbQtr\nrpUJYHcojDITKS9FpGlws+IVrWHapMMCggEAFUHiYc+LXprDsJXX6nxRzze3JMrK\nbWIpEr+LIzNwLD6YfWuG+YyyBDZfEE/U/m0aIIjzstPRP7QH1DRHuqPAy8hXr/3V\niwC6O/x56pfaG0o979T2l1VlopqHiJo1+APqaDeku6yRQq0yNiP1ahAvVSGGH78d\nqsgrqHjvCFwS4y7mztbGvtRTx6iKppVkBzDdvEA2bZTi7VNCz4+MhWAZihGTuUie\nHhWRv7VlLQiRWsXZwL7u32afVXKbV0EPPK525OeABbj2IWF6Hu+TgRgRk0gVh0qN\ngdAOLCFhRAnDX83kXtCWQtmoKkoAdN1qVDAHjPjK2TT577TA6Vr2Bxp6kQ==\n-----END RSA PRIVATE KEY-----\n",
            "private_key_pem_pkcs8": "-----BEGIN PRIVATE KEY-----\nMIIJQQIBADANBgkqhkiG9w0BAQEFAASCCSswggknAgEAAoICAQChaV0ZChqsx796\nZaprMiRxMglrje1eqXWr1YCtn7nwCRkZmNlibBRkgj1/xZNi6uX7U5K9c2GNZzjI\nxTXEDddguCfLE6mmGI9q/0OLNnIxhWmohbi9p6VZkP7gxRqyHf/hbLfCd4x57O8Z\nn2szTUjyVy8aObktn0000ynBiJd2cvmVYVer4kfemthisNv+EYGJqu7Q0CnTXgL6\nBOX9ABGzRu2bq2wBQy5mmUPtFCWLxJ1TanJPbQ6We0978w/KzlOOEkWDG4u53VQt\nzPgNsKD2DZvaqwDLcyhd11Eh5dqbDXLdx6tcXucnMI/q4Bro0uaS4NDpaxMLR2Q3\nnsK7Iobvqoe7/f901u85TiNHviaLqVVk6yTcYzKcGo+aAHRwt1tB+gTvkEsa87Zd\nnEQuGzKG4MD9N/WXGD8x+SOW2AA5g4oa2XdWzopgVmZ42eyDhzeuhP+T48V1pyLP\nfPnEhTagywekvAOchHTk24qUyCPrggMDEyxIITAzbRnO66dd2BqBcw5ecPcjoON/\nF+Ep2DuCzbjtKs09+Gzth+AxgHqT1lFSLOckY7sCis4rpPX2xBRNlaG05dnQ/Tdn\n7bHjHgJzLS+hz//kzGlPSUsDPCrPTZtTBTtDMfvPDdnKTJJNmrhuVHeQCLN003r+\nGglkrWj97gQlmAfp4oKiuNyOdy/SNQIDAQABAoICAGbGUOn9ngh/0zLbAwzoS33r\nz0W1g/uvSOaVti5XMqxdDqdWxKu/h6iLqR7vLa5hRPinORr6GZZQsD5eG6Lu8UF7\nYJMUvQOuRbtqN5avnzxa53DPXFceJNGH2lJCDoJ1SZU+hS8EseR8ca3N7RMoVZdA\n3hQDxx3+fclx3veEwnRANxzfc1RVa0+ZJsiINjtq6CFBPnik4szb4mdRsSNL5PlS\n4z4og0e2gBgB5NdS6ak6EranY4uhNBWrBGw20speX6NpjOszId/BxrS2+wa0fXjO\nJ3uvQH1KoNxHmjhMQ8pQYOBIH5tcLjCs4iY6dcfjab8B+ON3MxQObAhiRTmkfWeg\nPrRpE2/Wggtb0zIO4KE69LksaLcVZz4WEQd6IL2PzCjNFApQ46DdsVhSrLc+NMWH\nbQ5aNIZ5ajgOaWwgk5LrsY2IaEjWYo3rVr+/BaaXTv1LUF8Vm2Llo2AdQrflfF6F\nfLMfpfRFhzoCyxEW+E8BNBS6y+SXiAwrVHsXc+GBqnzWCh1UlR6URiUgL0ijKVk5\nJolV0MM0tP56VJsRQNULAvusCGMKvAPhutQ58P377d9X7zxlC2U3FJ3s73zTBNwX\nUxcxbgsZC62PaLJUWc4RUGLGDb11SzZinphIsrwNVNNmRerF4p1tYxF0T7OO4Qf5\nCpGg9xFWfMZZJxCnHu/NAoIBAQDLKcCkkvFQS8gedKRLOI4cuYpFQI4/6g9oqb6X\nglOi9QwyJ6VNAfCeoxnG3Act3Lp7rK4JzuYo2Bu2t0L2ildmrpG/xoQd7HGS1Axk\nAAEcVKua8rki+E6mZTT7dX6tY5NZmDDBQvoWbwo00+s5/Km/kusoyUyDy2cV+hLF\nnXkMOi+oJOoGgvlns/i0r+E+p5CtCmkVJ5Nvsi11JZMQvrAbKMnzpJFByNq+iw/7\nYrm/ShfK1518v7H1fm4lDekrKxGX3OFPzsTFReoEYsHmYm21qGEel+SaxCahZAKU\nKlQR5Aq+Fi1wrl6PLA5Uq3iwuIrdE48C5M9CtgGaH8fQyyynAoIBAQDLY94DkWcq\nPImV0tWrC/oOEOySujFaPkbihyT0BugKdNgWl/OwS7mfFAzVtp3v3mXjCsPOys5F\nsm0CFAUMWdHMcHzWS2/7jrj7CfdfcYVZqBhRGU/XrNyX7oF3P36O6RICH7DC3SAG\naKbw0Mj9aXuA4wLl/xZRLUrLi/A4q5bpVfB6lTcZoxIfljN2B7DKf0AtjdUw3eKy\nDWwJT79y5Ny7ck4oULifK2hxLJAXKP73KMCQIX4DhE0WZekB/H9Hm60pxcbVt0vs\nB6Thb4eXPY9VhLOeFah43tcEyB2/RVnxXJPcmpFJhCyN/AmoV5K1polY70u44WXw\nIlcJUXXx+5nDAoIBAAGA5JkTMU/7z5ZSHKkl2P9jbB+JE8RrUgPfRbbPUxkgoR95\n5aJFQmeaI2WyWSdAu+yQYZVW/6MLvmDCyG8UpQLwhcmaiX3DMy/3+8N9sIRqJ/70\njuQwXDylARhfTTmxQ/TkyG+VtE4YMkYjz1jVgtgVGUJrAvLyvWePOzZVLQEnKRUg\neM7lhzz6OvvzVUJmcQ6mxhJPAatQ8T8tsQHtt1XsHlp8PEr1VpEUbGDa4S8GOFja\n8aJrtMBxWBVUHgagwfeSveQeTpx7IPk5VeADmHZAsb9NNnbivrpxCAfarFaZjm7L\nsThlQfPjSpPb1P/Rzc1HCMbntJT0zdw7Ifpsln8CggEAKoH/x50fA5vNYYvD7lC9\nfS0aVHwnjmXPqM538axz2KOc+fPeEW1yKQYmvI/DKHvBrZb1X4XRYI2u7K1EdNVc\n3K5x2NPBXsDwdj8Z/U+bgCZ6lpCEuF2/aN2HH2YczD937Qu0hLV0WQKMSW5JY3Ul\nQ8WuOGV8w5CEvk/L7/wkuTWl4ejHsEr9oa5hqPxofZnkzuCCuwjUtUPK3ZNWPuwI\nGgEExrZAL7wBww1+O+jsiLlyrWziilefSNwZu7mK3Gtz4HQeX1JEwtrCIf+ORhSu\nnT/zzklWgZSJOc2dMfmLl78yg/ul+8htC2uulQlgdyiMMhMpL0WkaXCz4hWtYdqk\nwwKCAQAVQeJhz4temsOwldfqfFHPN7ckysptYikSv4sjM3AsPph9a4b5jLIENl8Q\nT9T+bRogiPOy09E/tAfUNEe6o8DLyFev/dWLALo7/Hnql9obSj3v1PaXVWWimoeI\nmjX4A+poN6S7rJFCrTI2I/VqEC9VIYYfvx2qyCuoeO8IXBLjLubO1sa+1FPHqIqm\nlWQHMN28QDZtlOLtU0LPj4yFYBmKEZO5SJ4eFZG/tWUtCJFaxdnAvu7fZp9VcptX\nQQ88rnbk54AFuPYhYXoe75OBGBGTSBWHSo2B0A4sIWFECcNfzeRe0JZC2agqSgB0\n3WpUMAeM+MrZNPnvtMDpWvYHGnqR\n-----END PRIVATE KEY-----\n",
            "public_key_fingerprint_md5": "69:5d:1a:1d:ab:2a:d7:fc:9a:23:57:37:c5:e9:77:bd",
            "public_key_fingerprint_sha256": "SHA256:sZSkariyZ6kPqw8P4u3oCDlkDEyfMvlOwjGWftIW0RI",
            "public_key_openssh": "ssh-rsa AAAAB3NzaC1yc2EAAAADAQABAAACAQChaV0ZChqsx796ZaprMiRxMglrje1eqXWr1YCtn7nwCRkZmNlibBRkgj1/xZNi6uX7U5K9c2GNZzjIxTXEDddguCfLE6mmGI9q/0OLNnIxhWmohbi9p6VZkP7gxRqyHf/hbLfCd4x57O8Zn2szTUjyVy8aObktn0000ynBiJd2cvmVYVer4kfemthisNv+EYGJqu7Q0CnTXgL6BOX9ABGzRu2bq2wBQy5mmUPtFCWLxJ1TanJPbQ6We0978w/KzlOOEkWDG4u53VQtzPgNsKD2DZvaqwDLcyhd11Eh5dqbDXLdx6tcXucnMI/q4Bro0uaS4NDpaxMLR2Q3nsK7Iobvqoe7/f901u85TiNHviaLqVVk6yTcYzKcGo+aAHRwt1tB+gTvkEsa87ZdnEQuGzKG4MD9N/WXGD8x+SOW2AA5g4oa2XdWzopgVmZ42eyDhzeuhP+T48V1pyLPfPnEhTagywekvAOchHTk24qUyCPrggMDEyxIITAzbRnO66dd2BqBcw5ecPcjoON/F+Ep2DuCzbjtKs09+Gzth+AxgHqT1lFSLOckY7sCis4rpPX2xBRNlaG05dnQ/Tdn7bHjHgJzLS+hz//kzGlPSUsDPCrPTZtTBTtDMfvPDdnKTJJNmrhuVHeQCLN003r+GglkrWj97gQlmAfp4oKiuNyOdy/SNQ==\n",
            "public_key_pem": "-----BEGIN PUBLIC KEY-----\nMIICIjANBgkqhkiG9w0BAQEFAAOCAg8AMIICCgKCAgEAoWldGQoarMe/emWqazIk\ncTIJa43tXql1q9WArZ+58AkZGZjZYmwUZII9f8WTYurl+1OSvXNhjWc4yMU1xA3X\nYLgnyxOpphiPav9DizZyMYVpqIW4vaelWZD+4MUash3/4Wy3wneMeezvGZ9rM01I\n8lcvGjm5LZ9NNNMpwYiXdnL5lWFXq+JH3prYYrDb/hGBiaru0NAp014C+gTl/QAR\ns0btm6tsAUMuZplD7RQli8SdU2pyT20OlntPe/MPys5TjhJFgxuLud1ULcz4DbCg\n9g2b2qsAy3MoXddRIeXamw1y3cerXF7nJzCP6uAa6NLmkuDQ6WsTC0dkN57CuyKG\n76qHu/3/dNbvOU4jR74mi6lVZOsk3GMynBqPmgB0cLdbQfoE75BLGvO2XZxELhsy\nhuDA/Tf1lxg/MfkjltgAOYOKGtl3Vs6KYFZmeNnsg4c3roT/k+PFdaciz3z5xIU2\noMsHpLwDnIR05NuKlMgj64IDAxMsSCEwM20ZzuunXdgagXMOXnD3I6DjfxfhKdg7\ngs247SrNPfhs7YfgMYB6k9ZRUiznJGO7AorOK6T19sQUTZWhtOXZ0P03Z+2x4x4C\ncy0voc//5MxpT0lLAzwqz02bUwU7QzH7zw3ZykySTZq4blR3kAizdNN6/hoJZK1o\n/e4EJZgH6eKCorjcjncv0jUCAwEAAQ==\n-----END PUBLIC KEY-----\n",
            "rsa_bits": 4096
          },
          "sensitive_attributes": [
            [
              {
                "type": "get_attr",
                "value": "private_key_pem"
              }
            ],
            [
              {
                "type": "get_attr",
                "value": "private_key_pem_pkcs8"
              }
            ],
            [
              {
                "type": "get_attr",
                "value": "private_key_openssh"
              }
            ]
          ]
        }
      ]
    }
  ],
  "check_results": null
}
